{
  "name": "day-1",
  "version": "1.0.0",
  "lockfileVersion": 3,
  "requires": true,
  "packages": {
    "": {
      "name": "day-1",
      "version": "1.0.0",
      "license": "ISC",
      "dependencies": {
        "random": "^5.1.1",
        "words": "^0.2.1"
      }
    },
    "node_modules/random": {
      "version": "5.1.1",
      "resolved": "https://registry.npmjs.org/random/-/random-5.1.1.tgz",
      "integrity": "sha512-iidvORUvXY1ItoYxO0eduHCKl22QV0G6460vRHe862dUagJKPhRyjUGwK8ioOCG4NRuFvExHFpqMngsnr2miwA==",
      "license": "MIT",
      "engines": {
        "node": ">=18"
      }
    },
    "node_modules/words": {
      "version": "0.2.1",
      "resolved": "https://registry.npmjs.org/words/-/words-0.2.1.tgz",
      "integrity": "sha512-sFv3WvRsZBSuPVwrNpBqYwsAy2Kda/9yObVFKGsrPuxuS19aHEeQUvBqIRG5yVD/+U6Y/GYp36faI6FDUDjgvQ==",
      "license": "MIT"
    }
  }
}
